
Microsoft Visual Studio Solution File, Format Version 12.00
# Visual Studio 15
VisualStudioVersion = 15.0.28010.2050
MinimumVisualStudioVersion = 10.0.40219.1
Project("{FAE04EC0-301F-11D3-BF4B-00C04F79EFBC}") = "MemoryGame", "MemoryGame.csproj", "{51CC5F10-9838-4D48-90DC-14D3F8C62FAA}"
EndProject
Global
	GlobalSection(SolutionConfigurationPlatforms) = preSolution
		Debug|Any CPU = Debug|Any CPU
		Release|Any CPU = Release|Any CPU
	EndGlobalSection
	GlobalSection(ProjectConfigurationPlatforms) = postSolution
		{51CC5F10-9838-4D48-90DC-14D3F8C62FAA}.Debug|Any CPU.ActiveCfg = Debug|Any CPU
		{51CC5F10-9838-4D48-90DC-14D3F8C62FAA}.Debug|Any CPU.Build.0 = Debug|Any CPU
		{51CC5F10-9838-4D48-90DC-14D3F8C62FAA}.Release|Any CPU.ActiveCfg = Release|Any CPU
		{51CC5F10-9838-4D48-90DC-14D3F8C62FAA}.Release|Any CPU.Build.0 = Release|Any CPU
	EndGlobalSection
	GlobalSection(SolutionProperties) = preSolution
		HideSolutionNode = FALSE
	EndGlobalSection
	GlobalSection(ExtensibilityGlobals) = postSolution
		SolutionGuid = {FF6B6E73-E84C-469F-93B4-C20EA9F291D0}
	EndGlobalSection
EndGlobal
